{
    "version": 3,
    "terraform_version": "0.10.2",
    "serial": 9,
    "lineage": "6c270db8-dddd-44e2-a88e-dec1d033e637",
    "modules": [
        {
            "path": [
                "root"
            ],
            "outputs": {},
            "resources": {
                "data.cloudfoundry_organization.org_on_demand_internet_route": {
                    "type": "cloudfoundry_organization",
                    "depends_on": [],
                    "primary": {
                        "id": "7c416f66-b70a-4178-bba4-7619ef067f1e",
                        "attributes": {
                            "id": "7c416f66-b70a-4178-bba4-7619ef067f1e",
                            "name": "orange-internet"
                        },
                        "meta": {},
                        "tainted": false
                    },
                    "deposed": [],
                    "provider": ""
                },
                "data.cloudfoundry_space.space_on_demand_internet_route": {
                    "type": "cloudfoundry_space",
                    "depends_on": [
                        "data.cloudfoundry_organization.org_on_demand_internet_route"
                    ],
                    "primary": {
                        "id": "f52c57c1-37cc-4aa8-8cd6-3297c74a33d6",
                        "attributes": {
                            "allow_ssh": "true",
                            "id": "f52c57c1-37cc-4aa8-8cd6-3297c74a33d6",
                            "name": "test",
                            "org_id": "7c416f66-b70a-4178-bba4-7619ef067f1e",
                            "quota_id": "",
                            "sec_groups.#": "0"
                        },
                        "meta": {},
                        "tainted": false
                    },
                    "deposed": [],
                    "provider": ""
                }
            },
            "depends_on": []
        },
        {
            "path": [
                "root",
                "cloudflare-route-ondemandroute5"
            ],
            "outputs": {},
            "resources": {
                "cloudflare_record.on-demand-cloudflare-route": {
                    "type": "cloudflare_record",
                    "depends_on": [],
                    "primary": {
                        "id": "da659829c4625f5080addbe3fa4032e4",
                        "attributes": {
                            "domain": "redacted-domain.org",
                            "hostname": "ondemandroute5-redacted.domain",
                            "id": "da659829c4625f5080addbe3fa4032e4",
                            "name": "ondemandroute5-cdn--redacted.domain2",
                            "priority": "0",
                            "proxied": "true",
                            "ttl": "1",
                            "type": "CNAME",
                            "value": "vip--redacted.domain3",
                            "zone_id": "7ad88ec056ce84c729ed0de5695aaaa4"
                        },
                        "meta": {
                            "schema_version": "1"
                        },
                        "tainted": false
                    },
                    "deposed": [],
                    "provider": ""
                },
                "cloudfoundry_domain.on-demand-cloudflare-domain": {
                    "type": "cloudfoundry_domain",
                    "depends_on": [
                        "cloudflare_record.on-demand-cloudflare-route"
                    ],
                    "primary": {
                        "id": "ff2eced2-f945-475b-b0d7-6c88d43c97cb",
                        "attributes": {
                            "id": "ff2eced2-f945-475b-b0d7-6c88d43c97cb",
                            "name": "ondemandroute5-redacted.domain",
                            "org_owner_id": "7c416f66-b70a-4178-bba4-7619ef067f1e",
                            "orgs_shared_id.#": "0",
                            "router_group": "",
                            "shared": "false"
                        },
                        "meta": {},
                        "tainted": false
                    },
                    "deposed": [],
                    "provider": ""
                },
                "cloudfoundry_route.route_app": {
                    "type": "cloudfoundry_route",
                    "depends_on": [
                        "cloudfoundry_domain.on-demand-cloudflare-domain"
                    ],
                    "primary": {
                        "id": "86b657e5-11c6-4fe6-898c-9dbf7026794f",
                        "attributes": {
                            "domain_id": "ff2eced2-f945-475b-b0d7-6c88d43c97cb",
                            "hostname": "",
                            "id": "86b657e5-11c6-4fe6-898c-9dbf7026794f",
                            "path": "",
                            "port": "-1",
                            "service_id": "",
                            "space_id": "f52c57c1-37cc-4aa8-8cd6-3297c74a33d6",
                            "uri": "https://.ondemandroute5-redacted.domain"
                        },
                        "meta": {},
                        "tainted": false
                    },
                    "deposed": [],
                    "provider": ""
                }
            },
            "depends_on": []
        }
    ]
}
