{
    "version": 3,
    "terraform_version": "0.10.2",
    "serial": 15,
    "lineage": "6c270db8-dddd-44e2-a88e-dec1d033e637",
    "modules": [
        {
            "path": [
                "root"
            ],
            "outputs": {
                "3456.completed": {
                    "sensitive": false,
                    "type": "string",
                    "value": "successfully provisionned ondemandroute5-cdn-cw-vdr-pprod-apps ondemandroute5-cdn-cw-vdr-pprod-apps.redacted-domain.org and ff2eced2-f945-475b-b0d7-6c88d43c97cb"
                },
                "3456.started": {
                    "sensitive": false,
                    "type": "string",
                    "value": "successfully received module invocation"
                },
                "5bb6a604-c078-441d-a7fb-b1ff44030d37.completed": {
                    "sensitive": false,
                    "type": "string",
                    "value": "successfully provisionned myroute2-cdn-cw-vdr-pprod-apps myroute2-cdn-cw-vdr-pprod-apps.redacted-domain.org and 2deb09d5-3942-4eb6-95cd-4297c5e90a68"
                },
                "5bb6a604-c078-441d-a7fb-b1ff44030d37.started": {
                    "sensitive": false,
                    "type": "string",
                    "value": "successfully received module invocation"
                }
            },
            "resources": {
                "data.cloudfoundry_organization.org_on_demand_internet_route": {
                    "type": "cloudfoundry_organization",
                    "depends_on": [],
                    "primary": {
                        "id": "7c416f66-b70a-4178-bba4-7619ef067f1e",
                        "attributes": {
                            "id": "7c416f66-b70a-4178-bba4-7619ef067f1e",
                            "name": "orange-internet"
                        },
                        "meta": {},
                        "tainted": false
                    },
                    "deposed": [],
                    "provider": ""
                },
                "data.cloudfoundry_space.space_on_demand_internet_route": {
                    "type": "cloudfoundry_space",
                    "depends_on": [
                        "data.cloudfoundry_organization.org_on_demand_internet_route"
                    ],
                    "primary": {
                        "id": "f52c57c1-37cc-4aa8-8cd6-3297c74a33d6",
                        "attributes": {
                            "allow_ssh": "true",
                            "id": "f52c57c1-37cc-4aa8-8cd6-3297c74a33d6",
                            "name": "test",
                            "org_id": "7c416f66-b70a-4178-bba4-7619ef067f1e",
                            "quota_id": "",
                            "sec_groups.#": "0"
                        },
                        "meta": {},
                        "tainted": false
                    },
                    "deposed": [],
                    "provider": ""
                }
            },
            "depends_on": []
        },
        {
            "path": [
                "root",
                "5bb6a604-c078-441d-a7fb-b1ff44030d37"
            ],
            "outputs": {
                "completed": {
                    "sensitive": false,
                    "type": "string",
                    "value": "successfully provisionned myroute2-cdn-cw-vdr-pprod-apps myroute2-cdn-cw-vdr-pprod-apps.redacted-domain.org and 2deb09d5-3942-4eb6-95cd-4297c5e90a68"
                },
                "started": {
                    "sensitive": false,
                    "type": "string",
                    "value": "successfully received module invocation"
                }
            },
            "resources": {
                "cloudflare_record.on-demand-cloudflare-route": {
                    "type": "cloudflare_record",
                    "depends_on": [],
                    "primary": {
                        "id": "e33167e4d6178e8d771d786225860cec",
                        "attributes": {
                            "domain": "redacted-domain.org",
                            "hostname": "myroute2-cdn-cw-vdr-pprod-apps.redacted-domain.org",
                            "id": "e33167e4d6178e8d771d786225860cec",
                            "name": "myroute2-cdn-cw-vdr-pprod-apps",
                            "priority": "0",
                            "proxied": "true",
                            "ttl": "1",
                            "type": "CNAME",
                            "value": "vip-cw-vdr-pprod-apps.redacted-domain.org",
                            "zone_id": "7ad88ec056ce84c729ed0de5695aaaa4"
                        },
                        "meta": {
                            "schema_version": "1"
                        },
                        "tainted": false
                    },
                    "deposed": [],
                    "provider": ""
                },
                "cloudfoundry_domain.on-demand-cloudflare-domain": {
                    "type": "cloudfoundry_domain",
                    "depends_on": [
                        "cloudflare_record.on-demand-cloudflare-route"
                    ],
                    "primary": {
                        "id": "2deb09d5-3942-4eb6-95cd-4297c5e90a68",
                        "attributes": {
                            "id": "2deb09d5-3942-4eb6-95cd-4297c5e90a68",
                            "name": "myroute2-cdn-cw-vdr-pprod-apps.redacted-domain.org",
                            "org_owner_id": "1dd558f0-df32-48fd-b9f8-2c1a999e5b1a"
                        },
                        "meta": {},
                        "tainted": false
                    },
                    "deposed": [],
                    "provider": ""
                },
                "cloudfoundry_route.route_app": {
                    "type": "cloudfoundry_route",
                    "depends_on": [
                        "cloudfoundry_domain.on-demand-cloudflare-domain"
                    ],
                    "primary": {
                        "id": "f5aac5f5-1651-4d11-b40c-94eea63760bd",
                        "attributes": {
                            "domain_id": "2deb09d5-3942-4eb6-95cd-4297c5e90a68",
                            "id": "f5aac5f5-1651-4d11-b40c-94eea63760bd",
                            "port": "-1",
                            "space_id": "db7beaa8-e22e-4761-8e46-230ca4cd170c",
                            "uri": "https://.myroute2-cdn-cw-vdr-pprod-apps.redacted-domain.org"
                        },
                        "meta": {},
                        "tainted": false
                    },
                    "deposed": [],
                    "provider": ""
                }
            },
            "depends_on": []
        },
        {
            "path": [
                "root",
                "cloudflare-route-ondemandroute5"
            ],
            "outputs": {
                "completed": {
                    "sensitive": false,
                    "type": "string",
                    "value": "successfully provisionned ondemandroute5-cdn-cw-vdr-pprod-apps ondemandroute5-cdn-cw-vdr-pprod-apps.redacted-domain.org and ff2eced2-f945-475b-b0d7-6c88d43c97cb"
                },
                "started": {
                    "sensitive": false,
                    "type": "string",
                    "value": "successfully received module invocation"
                }
            },
            "resources": {
                "cloudflare_record.on-demand-cloudflare-route": {
                    "type": "cloudflare_record",
                    "depends_on": [],
                    "primary": {
                        "id": "da659829c4625f5080addbe3fa4032e4",
                        "attributes": {
                            "domain": "redacted-domain.org",
                            "hostname": "ondemandroute5-cdn-cw-vdr-pprod-apps.redacted-domain.org",
                            "id": "da659829c4625f5080addbe3fa4032e4",
                            "name": "ondemandroute5-cdn-cw-vdr-pprod-apps",
                            "priority": "0",
                            "proxied": "true",
                            "ttl": "1",
                            "type": "CNAME",
                            "value": "vip-cw-vdr-pprod-apps.redacted-domain.org",
                            "zone_id": "7ad88ec056ce84c729ed0de5695aaaa4"
                        },
                        "meta": {
                            "schema_version": "1"
                        },
                        "tainted": false
                    },
                    "deposed": [],
                    "provider": ""
                },
                "cloudfoundry_domain.on-demand-cloudflare-domain": {
                    "type": "cloudfoundry_domain",
                    "depends_on": [
                        "cloudflare_record.on-demand-cloudflare-route"
                    ],
                    "primary": {
                        "id": "ff2eced2-f945-475b-b0d7-6c88d43c97cb",
                        "attributes": {
                            "id": "ff2eced2-f945-475b-b0d7-6c88d43c97cb",
                            "name": "ondemandroute5-cdn-cw-vdr-pprod-apps.redacted-domain.org",
                            "org_owner_id": "7c416f66-b70a-4178-bba4-7619ef067f1e",
                            "orgs_shared_id.#": "0",
                            "router_group": "",
                            "shared": "false"
                        },
                        "meta": {},
                        "tainted": false
                    },
                    "deposed": [],
                    "provider": ""
                },
                "cloudfoundry_route.route_app": {
                    "type": "cloudfoundry_route",
                    "depends_on": [
                        "cloudfoundry_domain.on-demand-cloudflare-domain"
                    ],
                    "primary": {
                        "id": "86b657e5-11c6-4fe6-898c-9dbf7026794f",
                        "attributes": {
                            "domain_id": "ff2eced2-f945-475b-b0d7-6c88d43c97cb",
                            "hostname": "",
                            "id": "86b657e5-11c6-4fe6-898c-9dbf7026794f",
                            "path": "",
                            "port": "-1",
                            "service_id": "",
                            "space_id": "f52c57c1-37cc-4aa8-8cd6-3297c74a33d6",
                            "uri": "https://.ondemandroute5-cdn-cw-vdr-pprod-apps.redacted-domain.org"
                        },
                        "meta": {},
                        "tainted": false
                    },
                    "deposed": [],
                    "provider": ""
                }
            },
            "depends_on": []
        },
        {
            "path": [
                "root",
                "cloudflare-route-ondemandroute5-duplicated"
            ],
            "outputs": {
                "started": {
                    "sensitive": false,
                    "type": "string",
                    "value": "successfully received module invocation"
                }
            },
            "resources": {},
            "depends_on": []
        },
        {
            "path": [
                "root",
                "cloudflare-route-ondemandroute6"
            ],
            "outputs": {},
            "resources": {},
            "depends_on": []
        }
    ]
}
